{
  "name": "bodymeas",
  "version": "0.0.1",
  "lockfileVersion": 1,
  "requires": true,
  "dependencies": {
    "actions-on-google": {
      "version": "2.5.0",
      "resolved": "https://registry.npmjs.org/actions-on-google/-/actions-on-google-2.5.0.tgz",
      "integrity": "sha512-lbDHkPAloJPyOKeIUQm42Qbctw1mt5D9Rppk989PuGHP9i7f2sctE1428aHIRSPlMh3cNsFP0NAL24xvUkrDaQ=="
    },
    "firebase-admin": {
      "version": "7.0.0",
      "resolved": "https://registry.npmjs.org/firebase-admin/-/firebase-admin-7.0.0.tgz",
      "integrity": "sha512-uYJVRuq8/b9PeJrgZwE2OIfr/MQAVhWxUpOa4AnWEEjzM7hzw2CQjY2iFzH6o0/7rTyAiGeFPQQQLBMg/xuQ6w==",
      "dependencies": {
        "@types/node": {
          "version": "8.10.40",
          "resolved": "https://registry.npmjs.org/@types/node/-/node-8.10.40.tgz",
          "integrity": "sha512-RRSjdwz63kS4u7edIwJUn8NqKLLQ6LyqF/X4+4jp38MBT3Vwetewi2N4dgJEshLbDwNgOJXNYoOwzVZUSSLhkQ=="
        },
        "jsonwebtoken": {
          "version": "8.1.0",
          "resolved": "https://registry.npmjs.org/jsonwebtoken/-/jsonwebtoken-8.1.0.tgz",
          "integrity": "sha1-xjl80uX9WD1lwAeoPce7eOaYK4M="
        },
        "node-forge": {
          "version": "0.7.4",
          "resolved": "https://registry.npmjs.org/node-forge/-/node-forge-0.7.4.tgz",
          "integrity": "sha512-8Df0906+tq/omxuCZD6PqhPaQDYuyJ1d+VITgxoIA8zvQd1ru+nMJcDChHH324MWitIgbVkAkQoGEEVJNpn/PA=="
        }
      }
    },
    "firebase-functions": {
      "version": "2.2.0",
      "resolved": "https://registry.npmjs.org/firebase-functions/-/firebase-functions-2.2.0.tgz",
      "integrity": "sha512-83rJvXreTH98q1XEEUZ4G9nFZ0sUVaqkxPC+v25L9FuXsWgAFpW7G28K0MJ9DBPNo/RaeNNw0zvZVtDw11CEbQ=="
    }
  }
}
